
Microsoft Visual Studio Solution File, Format Version 12.00
# Visual Studio Version 17
VisualStudioVersion = 17.13.35913.81 d17.13
MinimumVisualStudioVersion = 10.0.40219.1
Project("{8BC9CEB8-8B4A-11D0-8D11-00A0C91BC942}") = "SuperMarko-GUI", "SuperMarko-GUI.vcxproj", "{AC60AB5B-4701-CC86-C0E3-631BC933DFAB}"
EndProject
Global
	GlobalSection(SolutionConfigurationPlatforms) = preSolution
		Debug|x64 = Debug|x64
		Debug|x86 = Debug|x86
		Release|x64 = Release|x64
		Release|x86 = Release|x86
	EndGlobalSection
	GlobalSection(ProjectConfigurationPlatforms) = postSolution
		{AC60AB5B-4701-CC86-C0E3-631BC933DFAB}.Debug|x64.ActiveCfg = Debug|x64
		{AC60AB5B-4701-CC86-C0E3-631BC933DFAB}.Debug|x64.Build.0 = Debug|x64
		{AC60AB5B-4701-CC86-C0E3-631BC933DFAB}.Debug|x86.ActiveCfg = Debug|Win32
		{AC60AB5B-4701-CC86-C0E3-631BC933DFAB}.Debug|x86.Build.0 = Debug|Win32
		{AC60AB5B-4701-CC86-C0E3-631BC933DFAB}.Release|x64.ActiveCfg = Release|x64
		{AC60AB5B-4701-CC86-C0E3-631BC933DFAB}.Release|x64.Build.0 = Release|x64
		{AC60AB5B-4701-CC86-C0E3-631BC933DFAB}.Release|x86.ActiveCfg = Release|Win32
		{AC60AB5B-4701-CC86-C0E3-631BC933DFAB}.Release|x86.Build.0 = Release|Win32
	EndGlobalSection
	GlobalSection(SolutionProperties) = preSolution
		HideSolutionNode = FALSE
	EndGlobalSection
	GlobalSection(ExtensibilityGlobals) = postSolution
		SolutionGuid = {02DD6FE2-8DC9-4FE6-B135-4A2A057612C8}
	EndGlobalSection
EndGlobal
